
Microsoft Visual Studio Solution File, Format Version 12.00
# Visual Studio Version 17
VisualStudioVersion = 17.14.36301.6
MinimumVisualStudioVersion = 10.0.40219.1
Project("{FAE04EC0-301F-11D3-BF4B-00C04F79EFBC}") = "Expense_Tracker", "Expense_Tracker.csproj", "{9478AD38-B4D6-458A-B09D-CAA2A476E352}"
EndProject
Project("{FAE04EC0-301F-11D3-BF4B-00C04F79EFBC}") = "Expense_TrackerTests", "..\Expense_TrackerTests\Expense_TrackerTests.csproj", "{93784413-7A55-4E83-BBB9-EC8ED4FBA1C1}"
EndProject
Global
	GlobalSection(SolutionConfigurationPlatforms) = preSolution
		Debug|Any CPU = Debug|Any CPU
		Release|Any CPU = Release|Any CPU
	EndGlobalSection
	GlobalSection(ProjectConfigurationPlatforms) = postSolution
		{9478AD38-B4D6-458A-B09D-CAA2A476E352}.Debug|Any CPU.ActiveCfg = Debug|Any CPU
		{9478AD38-B4D6-458A-B09D-CAA2A476E352}.Debug|Any CPU.Build.0 = Debug|Any CPU
		{9478AD38-B4D6-458A-B09D-CAA2A476E352}.Release|Any CPU.ActiveCfg = Release|Any CPU
		{9478AD38-B4D6-458A-B09D-CAA2A476E352}.Release|Any CPU.Build.0 = Release|Any CPU
		{93784413-7A55-4E83-BBB9-EC8ED4FBA1C1}.Debug|Any CPU.ActiveCfg = Debug|Any CPU
		{93784413-7A55-4E83-BBB9-EC8ED4FBA1C1}.Debug|Any CPU.Build.0 = Debug|Any CPU
		{93784413-7A55-4E83-BBB9-EC8ED4FBA1C1}.Release|Any CPU.ActiveCfg = Release|Any CPU
		{93784413-7A55-4E83-BBB9-EC8ED4FBA1C1}.Release|Any CPU.Build.0 = Release|Any CPU
	EndGlobalSection
	GlobalSection(SolutionProperties) = preSolution
		HideSolutionNode = FALSE
	EndGlobalSection
	GlobalSection(ExtensibilityGlobals) = postSolution
		SolutionGuid = {958631C2-DEA8-44AD-A0E9-B6182606A8E3}
	EndGlobalSection
EndGlobal
